
Microsoft Visual Studio Solution File, Format Version 12.00
# Visual Studio Version 17
VisualStudioVersion = 17.12.35527.113
MinimumVisualStudioVersion = 10.0.40219.1
Project("{2150E333-8FDC-42A3-9474-1A3956D46DE8}") = "src", "src", "{25EBC387-6C88-4B5F-A665-F48FB60FAA60}"
EndProject
Project("{2150E333-8FDC-42A3-9474-1A3956D46DE8}") = "docs", "docs", "{F50EC002-C509-4A9B-B729-24E27510A632}"
EndProject
Project("{2150E333-8FDC-42A3-9474-1A3956D46DE8}") = "samples", "samples", "{E5600EED-954B-4044-96B4-0C1EE0AE86A5}"
EndProject
Project("{D954291E-2A0B-460D-934E-DC6B0785DB48}") = "MinimalApiGen.Generators.Abstractions", "src\MinimalApiGen.Generators.Abstractions\MinimalApiGen.Generators.Abstractions.shproj", "{DCAC0184-439A-4C22-B2E8-B1D0F05A8E84}"
EndProject
Project("{FAE04EC0-301F-11D3-BF4B-00C04F79EFBC}") = "MinimalApiGen.Generators", "src\MinimalApiGen.Generators\MinimalApiGen.Generators.csproj", "{9ECDD303-259F-42A2-9E3C-27AD571F0170}"
EndProject
Project("{FAE04EC0-301F-11D3-BF4B-00C04F79EFBC}") = "MinimalApiGen.Framework", "src\MinimalApiGen.Framework\MinimalApiGen.Framework.csproj", "{4D78FC8B-1B87-429A-9B53-0C8A974D0867}"
EndProject
Project("{2150E333-8FDC-42A3-9474-1A3956D46DE8}") = "tests", "tests", "{1044EFAC-1347-4A8E-AF06-398EE0D7FF24}"
EndProject
Project("{FAE04EC0-301F-11D3-BF4B-00C04F79EFBC}") = "MinimalApiGen.Framework.Tests", "tests\MinimalApiGen.Framework.Tests\MinimalApiGen.Framework.Tests.csproj", "{4307989D-B2C1-482C-AD4A-C4A2239CB678}"
EndProject
Project("{FAE04EC0-301F-11D3-BF4B-00C04F79EFBC}") = "MinimalApiGen.Generators.Tests", "tests\MinimalApiGen.Generators.Tests\MinimalApiGen.Generators.Tests.csproj", "{D96752C4-08E4-47B7-AADB-E2C286DC0143}"
EndProject
Project("{FAE04EC0-301F-11D3-BF4B-00C04F79EFBC}") = "MinimalApiGen.Generators.IntegrationTests", "tests\MinimalApiGen.Generators.IntegrationTests\MinimalApiGen.Generators.IntegrationTests.csproj", "{51A1159B-331A-4655-8AB0-45CBA297B19C}"
EndProject
Project("{2150E333-8FDC-42A3-9474-1A3956D46DE8}") = "3. Query", "3. Query", "{A4894BF9-1973-43D7-AF2D-DD2F2F8C061C}"
	ProjectSection(SolutionItems) = preProject
		docs\3. Query\WithBusinessLogic.md = docs\3. Query\WithBusinessLogic.md
		docs\3. Query\WithGet.md = docs\3. Query\WithGet.md
		docs\3. Query\WithGetById.md = docs\3. Query\WithGetById.md
		docs\3. Query\WithKeyedServices.md = docs\3. Query\WithKeyedServices.md
		docs\3. Query\WithMappingService.md = docs\3. Query\WithMappingService.md
		docs\3. Query\WithNamespace.md = docs\3. Query\WithNamespace.md
		docs\3. Query\WithNamespaceOf.md = docs\3. Query\WithNamespaceOf.md
		docs\3. Query\WithPagination.md = docs\3. Query\WithPagination.md
		docs\3. Query\WithResponse.md = docs\3. Query\WithResponse.md
		docs\3. Query\WithServices.md = docs\3. Query\WithServices.md
		docs\3. Query\WithVersion.md = docs\3. Query\WithVersion.md
	EndProjectSection
EndProject
Project("{2150E333-8FDC-42A3-9474-1A3956D46DE8}") = "1. Getting Started", "1. Getting Started", "{EBE5F3B1-8B8E-4B7A-B658-8BD7BAAC41FF}"
	ProjectSection(SolutionItems) = preProject
		docs\1. Getting Started\- Getting Started.md = docs\1. Getting Started\- Getting Started.md
		docs\1. Getting Started\ApiGeneration.Query.md = docs\1. Getting Started\ApiGeneration.Query.md
	EndProjectSection
EndProject
Project("{2150E333-8FDC-42A3-9474-1A3956D46DE8}") = "2. Command", "2. Command", "{FFADCDC9-DE02-40FB-AA85-59060DE51126}"
	ProjectSection(SolutionItems) = preProject
		docs\2. Command\WithBusinessLogic.md = docs\2. Command\WithBusinessLogic.md
		docs\2. Command\WithDelete.md = docs\2. Command\WithDelete.md
		docs\2. Command\WithKeyedServices.md = docs\2. Command\WithKeyedServices.md
		docs\2. Command\WithMappingService.md = docs\2. Command\WithMappingService.md
		docs\2. Command\WithNamespace.md = docs\2. Command\WithNamespace.md
		docs\2. Command\WithNamespaceOf.md = docs\2. Command\WithNamespaceOf.md
		docs\2. Command\WithPost.md = docs\2. Command\WithPost.md
		docs\2. Command\WithPut.md = docs\2. Command\WithPut.md
		docs\2. Command\WithResponse.md = docs\2. Command\WithResponse.md
		docs\2. Command\WithServices.md = docs\2. Command\WithServices.md
		docs\2. Command\WithVersion.md = docs\2. Command\WithVersion.md
	EndProjectSection
EndProject
Project("{FAE04EC0-301F-11D3-BF4B-00C04F79EFBC}") = "Samples.MusicCollection.Api", "samples\Samples.MusicCollection.Api\Samples.MusicCollection.Api.csproj", "{F3215C05-ACC5-447A-AE2A-E1ABC3C1A156}"
EndProject
Project("{FAE04EC0-301F-11D3-BF4B-00C04F79EFBC}") = "Samples.QuickStartApi", "samples\Samples.QuickStartApi\Samples.QuickStartApi.csproj", "{D177D68D-DAA2-4C52-9CBA-DF4F40F2FDE9}"
EndProject
Project("{D954291E-2A0B-460D-934E-DC6B0785DB48}") = "MinimalApiGen.Framework.Pluralize", "src\MinimalApiGen.Framework.Pluralize\MinimalApiGen.Framework.Pluralize.shproj", "{5B201EAA-8A7C-4863-988F-98F1B2D7F7A2}"
EndProject
Project("{00D1A9C2-B5F0-4AF3-8072-F6C62B433612}") = "Samples.MusicCollection.Data", "samples\Samples.MusicCollection.Data\Samples.MusicCollection.Data.sqlproj", "{74FCF198-332C-4D19-9D44-14FBCC75B430}"
EndProject
Global
	GlobalSection(SolutionConfigurationPlatforms) = preSolution
		Debug|Any CPU = Debug|Any CPU
		Release|Any CPU = Release|Any CPU
	EndGlobalSection
	GlobalSection(ProjectConfigurationPlatforms) = postSolution
		{9ECDD303-259F-42A2-9E3C-27AD571F0170}.Debug|Any CPU.ActiveCfg = Debug|Any CPU
		{9ECDD303-259F-42A2-9E3C-27AD571F0170}.Debug|Any CPU.Build.0 = Debug|Any CPU
		{9ECDD303-259F-42A2-9E3C-27AD571F0170}.Release|Any CPU.ActiveCfg = Release|Any CPU
		{9ECDD303-259F-42A2-9E3C-27AD571F0170}.Release|Any CPU.Build.0 = Release|Any CPU
		{4D78FC8B-1B87-429A-9B53-0C8A974D0867}.Debug|Any CPU.ActiveCfg = Debug|Any CPU
		{4D78FC8B-1B87-429A-9B53-0C8A974D0867}.Debug|Any CPU.Build.0 = Debug|Any CPU
		{4D78FC8B-1B87-429A-9B53-0C8A974D0867}.Release|Any CPU.ActiveCfg = Release|Any CPU
		{4D78FC8B-1B87-429A-9B53-0C8A974D0867}.Release|Any CPU.Build.0 = Release|Any CPU
		{4307989D-B2C1-482C-AD4A-C4A2239CB678}.Debug|Any CPU.ActiveCfg = Debug|Any CPU
		{4307989D-B2C1-482C-AD4A-C4A2239CB678}.Debug|Any CPU.Build.0 = Debug|Any CPU
		{4307989D-B2C1-482C-AD4A-C4A2239CB678}.Release|Any CPU.ActiveCfg = Release|Any CPU
		{4307989D-B2C1-482C-AD4A-C4A2239CB678}.Release|Any CPU.Build.0 = Release|Any CPU
		{D96752C4-08E4-47B7-AADB-E2C286DC0143}.Debug|Any CPU.ActiveCfg = Debug|Any CPU
		{D96752C4-08E4-47B7-AADB-E2C286DC0143}.Debug|Any CPU.Build.0 = Debug|Any CPU
		{D96752C4-08E4-47B7-AADB-E2C286DC0143}.Release|Any CPU.ActiveCfg = Release|Any CPU
		{D96752C4-08E4-47B7-AADB-E2C286DC0143}.Release|Any CPU.Build.0 = Release|Any CPU
		{51A1159B-331A-4655-8AB0-45CBA297B19C}.Debug|Any CPU.ActiveCfg = Debug|Any CPU
		{51A1159B-331A-4655-8AB0-45CBA297B19C}.Debug|Any CPU.Build.0 = Debug|Any CPU
		{51A1159B-331A-4655-8AB0-45CBA297B19C}.Release|Any CPU.ActiveCfg = Release|Any CPU
		{51A1159B-331A-4655-8AB0-45CBA297B19C}.Release|Any CPU.Build.0 = Release|Any CPU
		{F3215C05-ACC5-447A-AE2A-E1ABC3C1A156}.Debug|Any CPU.ActiveCfg = Debug|Any CPU
		{F3215C05-ACC5-447A-AE2A-E1ABC3C1A156}.Debug|Any CPU.Build.0 = Debug|Any CPU
		{F3215C05-ACC5-447A-AE2A-E1ABC3C1A156}.Release|Any CPU.ActiveCfg = Release|Any CPU
		{F3215C05-ACC5-447A-AE2A-E1ABC3C1A156}.Release|Any CPU.Build.0 = Release|Any CPU
		{D177D68D-DAA2-4C52-9CBA-DF4F40F2FDE9}.Debug|Any CPU.ActiveCfg = Debug|Any CPU
		{D177D68D-DAA2-4C52-9CBA-DF4F40F2FDE9}.Debug|Any CPU.Build.0 = Debug|Any CPU
		{D177D68D-DAA2-4C52-9CBA-DF4F40F2FDE9}.Release|Any CPU.ActiveCfg = Release|Any CPU
		{D177D68D-DAA2-4C52-9CBA-DF4F40F2FDE9}.Release|Any CPU.Build.0 = Release|Any CPU
		{74FCF198-332C-4D19-9D44-14FBCC75B430}.Debug|Any CPU.ActiveCfg = Debug|Any CPU
		{74FCF198-332C-4D19-9D44-14FBCC75B430}.Debug|Any CPU.Build.0 = Debug|Any CPU
		{74FCF198-332C-4D19-9D44-14FBCC75B430}.Debug|Any CPU.Deploy.0 = Debug|Any CPU
		{74FCF198-332C-4D19-9D44-14FBCC75B430}.Release|Any CPU.ActiveCfg = Release|Any CPU
		{74FCF198-332C-4D19-9D44-14FBCC75B430}.Release|Any CPU.Build.0 = Release|Any CPU
		{74FCF198-332C-4D19-9D44-14FBCC75B430}.Release|Any CPU.Deploy.0 = Release|Any CPU
	EndGlobalSection
	GlobalSection(SolutionProperties) = preSolution
		HideSolutionNode = FALSE
	EndGlobalSection
	GlobalSection(NestedProjects) = preSolution
		{DCAC0184-439A-4C22-B2E8-B1D0F05A8E84} = {25EBC387-6C88-4B5F-A665-F48FB60FAA60}
		{9ECDD303-259F-42A2-9E3C-27AD571F0170} = {25EBC387-6C88-4B5F-A665-F48FB60FAA60}
		{4D78FC8B-1B87-429A-9B53-0C8A974D0867} = {25EBC387-6C88-4B5F-A665-F48FB60FAA60}
		{4307989D-B2C1-482C-AD4A-C4A2239CB678} = {1044EFAC-1347-4A8E-AF06-398EE0D7FF24}
		{D96752C4-08E4-47B7-AADB-E2C286DC0143} = {1044EFAC-1347-4A8E-AF06-398EE0D7FF24}
		{51A1159B-331A-4655-8AB0-45CBA297B19C} = {1044EFAC-1347-4A8E-AF06-398EE0D7FF24}
		{A4894BF9-1973-43D7-AF2D-DD2F2F8C061C} = {F50EC002-C509-4A9B-B729-24E27510A632}
		{EBE5F3B1-8B8E-4B7A-B658-8BD7BAAC41FF} = {F50EC002-C509-4A9B-B729-24E27510A632}
		{FFADCDC9-DE02-40FB-AA85-59060DE51126} = {F50EC002-C509-4A9B-B729-24E27510A632}
		{F3215C05-ACC5-447A-AE2A-E1ABC3C1A156} = {E5600EED-954B-4044-96B4-0C1EE0AE86A5}
		{D177D68D-DAA2-4C52-9CBA-DF4F40F2FDE9} = {E5600EED-954B-4044-96B4-0C1EE0AE86A5}
		{5B201EAA-8A7C-4863-988F-98F1B2D7F7A2} = {25EBC387-6C88-4B5F-A665-F48FB60FAA60}
		{74FCF198-332C-4D19-9D44-14FBCC75B430} = {E5600EED-954B-4044-96B4-0C1EE0AE86A5}
	EndGlobalSection
	GlobalSection(SharedMSBuildProjectFiles) = preSolution
		src\MinimalApiGen.Framework.Pluralize\MinimalApiGen.Framework.Pluralize.projitems*{4d78fc8b-1b87-429a-9b53-0c8a974d0867}*SharedItemsImports = 5
		src\MinimalApiGen.Generators.Abstractions\MinimalApiGen.Generators.Abstractions.projitems*{4d78fc8b-1b87-429a-9b53-0c8a974d0867}*SharedItemsImports = 5
		src\MinimalApiGen.Framework.Pluralize\MinimalApiGen.Framework.Pluralize.projitems*{5b201eaa-8a7c-4863-988f-98f1b2d7f7a2}*SharedItemsImports = 13
		src\MinimalApiGen.Framework.Pluralize\MinimalApiGen.Framework.Pluralize.projitems*{9ecdd303-259f-42a2-9e3c-27ad571f0170}*SharedItemsImports = 5
		src\MinimalApiGen.Generators.Abstractions\MinimalApiGen.Generators.Abstractions.projitems*{9ecdd303-259f-42a2-9e3c-27ad571f0170}*SharedItemsImports = 5
		src\MinimalApiGen.Generators.Abstractions\MinimalApiGen.Generators.Abstractions.projitems*{dcac0184-439a-4c22-b2e8-b1d0f05a8e84}*SharedItemsImports = 13
	EndGlobalSection
EndGlobal
